{
  "version": 4,
  "terraform_version": "1.15.5",
  "serial": 142,
  "lineage": "0d7e4d79-7b0f-43f1-8e10-942e27ea8213",
  "outputs": {},
  "resources": [
    {
      "mode": "managed",
      "type": "aws_vpc",
      "name": "main",
      "provider": "provider[\"registry.terraform.io/hashicorp/aws\"]",
      "instances": [
        {
          "schema_version": 1,
          "attributes": {
            "arn": "arn:aws:ec2:us-east-1:572880078587:vpc/vpc-018e3a0b0b3681e0d",
            "assign_generated_ipv6_cidr_block": false,
            "cidr_block": "10.0.0.0/16",
            "default_network_acl_id": "acl-061e1452fb4f23c34",
            "default_route_table_id": "rtb-0357cc1be133c9b59",
            "default_security_group_id": "sg-0f1debfdc51e4e421",
            "dhcp_options_id": "dopt-0b2bcfc6b2eaad865",
            "enable_dns_hostnames": true,
            "enable_dns_support": true,
            "enable_network_address_usage_metrics": false,
            "id": "vpc-018e3a0b0b3681e0d",
            "instance_tenancy": "default",
            "ipv4_ipam_pool_id": null,
            "ipv4_netmask_length": null,
            "ipv6_association_id": "",
            "ipv6_cidr_block": "",
            "ipv6_cidr_block_network_border_group": "",
            "ipv6_ipam_pool_id": "",
            "ipv6_netmask_length": 0,
            "main_route_table_id": "rtb-0357cc1be133c9b59",
            "owner_id": "572880078587",
            "tags": {
              "Name": "cloud-task-manager-vpc"
            },
            "tags_all": {
              "Name": "cloud-task-manager-vpc"
            }
          },
          "sensitive_attributes": [],
          "identity_schema_version": 0,
          "private": "eyJzY2hlbWFfdmVyc2lvbiI6IjEifQ=="
        }
      ]
    }
  ],
  "check_results": null
}
